
Microsoft Visual Studio Solution File, Format Version 12.00
# Visual Studio Version 17
VisualStudioVersion = 17.7.34221.43
MinimumVisualStudioVersion = 10.0.40219.1
Project("{9A19103F-16F7-4668-BE54-9A1E7A4F7556}") = "ColesCatalogue", "ColesCatalogue\ColesCatalogue.csproj", "{F436AF02-AADF-4EB8-B3F3-D8B8F249DF5F}"
EndProject
Project("{9A19103F-16F7-4668-BE54-9A1E7A4F7556}") = "ColesCatalogue.Logic", "ColesCatalogue.Logic\ColesCatalogue.Logic.csproj", "{282B5F1B-A76F-4D9A-8DB7-FB6FD6927E79}"
EndProject
Global
	GlobalSection(SolutionConfigurationPlatforms) = preSolution
		Debug|Any CPU = Debug|Any CPU
		Release|Any CPU = Release|Any CPU
	EndGlobalSection
	GlobalSection(ProjectConfigurationPlatforms) = postSolution
		{F436AF02-AADF-4EB8-B3F3-D8B8F249DF5F}.Debug|Any CPU.ActiveCfg = Debug|Any CPU
		{F436AF02-AADF-4EB8-B3F3-D8B8F249DF5F}.Debug|Any CPU.Build.0 = Debug|Any CPU
		{F436AF02-AADF-4EB8-B3F3-D8B8F249DF5F}.Debug|Any CPU.Deploy.0 = Debug|Any CPU
		{F436AF02-AADF-4EB8-B3F3-D8B8F249DF5F}.Release|Any CPU.ActiveCfg = Release|Any CPU
		{F436AF02-AADF-4EB8-B3F3-D8B8F249DF5F}.Release|Any CPU.Build.0 = Release|Any CPU
		{F436AF02-AADF-4EB8-B3F3-D8B8F249DF5F}.Release|Any CPU.Deploy.0 = Release|Any CPU
		{282B5F1B-A76F-4D9A-8DB7-FB6FD6927E79}.Debug|Any CPU.ActiveCfg = Debug|Any CPU
		{282B5F1B-A76F-4D9A-8DB7-FB6FD6927E79}.Debug|Any CPU.Build.0 = Debug|Any CPU
		{282B5F1B-A76F-4D9A-8DB7-FB6FD6927E79}.Release|Any CPU.ActiveCfg = Release|Any CPU
		{282B5F1B-A76F-4D9A-8DB7-FB6FD6927E79}.Release|Any CPU.Build.0 = Release|Any CPU
	EndGlobalSection
	GlobalSection(SolutionProperties) = preSolution
		HideSolutionNode = FALSE
	EndGlobalSection
	GlobalSection(ExtensibilityGlobals) = postSolution
		SolutionGuid = {7808F5D9-589B-46D1-84C1-89C0827AD4EB}
	EndGlobalSection
EndGlobal
